// !$*UTF8*$!
{
	archiveVersion = 1;
	classes = {
	};
	objectVersion = 56;
	objects = {

/* Begin PBXBuildFile section */
		6E3901D42B30941600BE6042 /* NowPlayingMoviesData.json in Resources */ = {isa = PBXBuildFile; fileRef = 6EC920C82B2E078200A7E2C7 /* NowPlayingMoviesData.json */; };
		6E3901D62B312FB800BE6042 /* StaticJSONMapper.swift in Sources */ = {isa = PBXBuildFile; fileRef = 6E3901D52B312FB800BE6042 /* StaticJSONMapper.swift */; };
		6E3901D82B32845700BE6042 /* ErrorResponse.swift in Sources */ = {isa = PBXBuildFile; fileRef = 6E3901D72B32845700BE6042 /* ErrorResponse.swift */; };
		6E3901DA2B329F2500BE6042 /* NetworkManager.swift in Sources */ = {isa = PBXBuildFile; fileRef = 6E3901D92B329F2500BE6042 /* NetworkManager.swift */; };
		6E3901DC2B34226600BE6042 /* MovieLocalDataSourceTest.swift in Sources */ = {isa = PBXBuildFile; fileRef = 6E3901DB2B34226600BE6042 /* MovieLocalDataSourceTest.swift */; };
		6E3901DE2B34994100BE6042 /* CoreDataStack.swift in Sources */ = {isa = PBXBuildFile; fileRef = 6E3901DD2B34994100BE6042 /* CoreDataStack.swift */; };
		6E3901E02B349A6400BE6042 /* CoreDataTestStack.swift in Sources */ = {isa = PBXBuildFile; fileRef = 6E3901DF2B349A6400BE6042 /* CoreDataTestStack.swift */; };
		6E3905D62B356E6B0051D255 /* WatchlistEntity.swift in Sources */ = {isa = PBXBuildFile; fileRef = 6E3905D52B356E6B0051D255 /* WatchlistEntity.swift */; };
		6EB0B7D92B22118C00B598A7 /* AppDelegate.swift in Sources */ = {isa = PBXBuildFile; fileRef = 6EB0B7D82B22118C00B598A7 /* AppDelegate.swift */; };
		6EB0B7DB2B22118C00B598A7 /* SceneDelegate.swift in Sources */ = {isa = PBXBuildFile; fileRef = 6EB0B7DA2B22118C00B598A7 /* SceneDelegate.swift */; };
		6EB0B7DD2B22118C00B598A7 /* MessageListViewController.swift in Sources */ = {isa = PBXBuildFile; fileRef = 6EB0B7DC2B22118C00B598A7 /* MessageListViewController.swift */; };
		6EB0B7E22B22118E00B598A7 /* Assets.xcassets in Resources */ = {isa = PBXBuildFile; fileRef = 6EB0B7E12B22118E00B598A7 /* Assets.xcassets */; };
		6EB0B7E52B22118E00B598A7 /* LaunchScreen.storyboard in Resources */ = {isa = PBXBuildFile; fileRef = 6EB0B7E32B22118E00B598A7 /* LaunchScreen.storyboard */; };
		6EB0B7F32B22122D00B598A7 /* Poppins-Medium.ttf in Resources */ = {isa = PBXBuildFile; fileRef = 6EB0B7EE2B22122D00B598A7 /* Poppins-Medium.ttf */; };
		6EB0B7F42B22122D00B598A7 /* Poppins-Bold.ttf in Resources */ = {isa = PBXBuildFile; fileRef = 6EB0B7EF2B22122D00B598A7 /* Poppins-Bold.ttf */; };
		6EB0B7F52B22122D00B598A7 /* Poppins-SemiBold.ttf in Resources */ = {isa = PBXBuildFile; fileRef = 6EB0B7F02B22122D00B598A7 /* Poppins-SemiBold.ttf */; };
		6EB0B7F62B22122D00B598A7 /* send.wav in Resources */ = {isa = PBXBuildFile; fileRef = 6EB0B7F22B22122D00B598A7 /* send.wav */; };
		6EB0B7F82B22BA0A00B598A7 /* Custom.swift in Sources */ = {isa = PBXBuildFile; fileRef = 6EB0B7F72B22BA0A00B598A7 /* Custom.swift */; };
		6EB0B7FC2B22BE0600B598A7 /* MessageListNavigationView.swift in Sources */ = {isa = PBXBuildFile; fileRef = 6EB0B7FB2B22BE0600B598A7 /* MessageListNavigationView.swift */; };
		6EB0B81F2B231D6200B598A7 /* Model.swift in Sources */ = {isa = PBXBuildFile; fileRef = 6EB0B81E2B231D6200B598A7 /* Model.swift */; };
		6EB0B8212B23209700B598A7 /* MessageListCollectionViewCell.swift in Sources */ = {isa = PBXBuildFile; fileRef = 6EB0B8202B23209700B598A7 /* MessageListCollectionViewCell.swift */; };
		6EB0B8232B23211400B598A7 /* CustomMessageView.swift in Sources */ = {isa = PBXBuildFile; fileRef = 6EB0B8222B23211400B598A7 /* CustomMessageView.swift */; };
		6EB2585A2B3AB37F0019E98A /* HomeUseCaseTest.swift in Sources */ = {isa = PBXBuildFile; fileRef = 6EB258592B3AB37F0019E98A /* HomeUseCaseTest.swift */; };
		6EB2585C2B3BC2D80019E98A /* MockMovieRepository.swift in Sources */ = {isa = PBXBuildFile; fileRef = 6EB2585B2B3BC2D80019E98A /* MockMovieRepository.swift */; };
		6EB2585F2B3BF7560019E98A /* Movie.swift in Sources */ = {isa = PBXBuildFile; fileRef = 6EB2585E2B3BF7560019E98A /* Movie.swift */; };
		6EB258632B3C27EE0019E98A /* HomePresenterTest.swift in Sources */ = {isa = PBXBuildFile; fileRef = 6EB258622B3C27EE0019E98A /* HomePresenterTest.swift */; };
		6EC527832B24BD2B007CC056 /* APICall.swift in Sources */ = {isa = PBXBuildFile; fileRef = 6EC527792B24BD2B007CC056 /* APICall.swift */; };
		6EC527842B24BD2B007CC056 /* CustomError+Ext.swift in Sources */ = {isa = PBXBuildFile; fileRef = 6EC5277B2B24BD2B007CC056 /* CustomError+Ext.swift */; };
		6EC527852B24BD2B007CC056 /* BaseResponse.swift in Sources */ = {isa = PBXBuildFile; fileRef = 6EC5277F2B24BD2B007CC056 /* BaseResponse.swift */; };
		6EC527862B24BD2B007CC056 /* MovieResponse.swift in Sources */ = {isa = PBXBuildFile; fileRef = 6EC527802B24BD2B007CC056 /* MovieResponse.swift */; };
		6EC527872B24BD2B007CC056 /* MovieRemoteDataSource.swift in Sources */ = {isa = PBXBuildFile; fileRef = 6EC527812B24BD2B007CC056 /* MovieRemoteDataSource.swift */; };
		6EC527892B24C43A007CC056 /* MovieRepository.swift in Sources */ = {isa = PBXBuildFile; fileRef = 6EC527882B24C43A007CC056 /* MovieRepository.swift */; };
		6EC5278E2B24C481007CC056 /* MovieRepositoryProtocol.swift in Sources */ = {isa = PBXBuildFile; fileRef = 6EC5278D2B24C481007CC056 /* MovieRepositoryProtocol.swift */; };
		6EC527902B24C4CF007CC056 /* MovieModel.swift in Sources */ = {isa = PBXBuildFile; fileRef = 6EC5278F2B24C4CF007CC056 /* MovieModel.swift */; };
		6EC527932B24C759007CC056 /* MovieMapper.swift in Sources */ = {isa = PBXBuildFile; fileRef = 6EC527922B24C759007CC056 /* MovieMapper.swift */; };
		6EC527962B24C997007CC056 /* HomeInteractor.swift in Sources */ = {isa = PBXBuildFile; fileRef = 6EC527952B24C997007CC056 /* HomeInteractor.swift */; };
		6EC527982B24CA59007CC056 /* Injection.swift in Sources */ = {isa = PBXBuildFile; fileRef = 6EC527972B24CA59007CC056 /* Injection.swift */; };
		6EC9208D2B25BC3E00A7E2C7 /* HomePresenterProtocol.swift in Sources */ = {isa = PBXBuildFile; fileRef = 6EC9208C2B25BC3E00A7E2C7 /* HomePresenterProtocol.swift */; };
		6EC9208F2B25BD5100A7E2C7 /* HomePresenter.swift in Sources */ = {isa = PBXBuildFile; fileRef = 6EC9208E2B25BD5100A7E2C7 /* HomePresenter.swift */; };
		6EC920AF2B2D7B9300A7E2C7 /* MessageAppTests.swift in Sources */ = {isa = PBXBuildFile; fileRef = 6EC920AE2B2D7B9300A7E2C7 /* MessageAppTests.swift */; };
		6EC920B82B2D7BCB00A7E2C7 /* MovieRemoteDataSourceTest.swift in Sources */ = {isa = PBXBuildFile; fileRef = 6EC920B72B2D7BCB00A7E2C7 /* MovieRemoteDataSourceTest.swift */; };
		6EC920BD2B2DABBA00A7E2C7 /* MovieContainer.xcdatamodeld in Sources */ = {isa = PBXBuildFile; fileRef = 6EC920BB2B2DABBA00A7E2C7 /* MovieContainer.xcdatamodeld */; };
		6EC920C02B2DACC900A7E2C7 /* MovieEntity.swift in Sources */ = {isa = PBXBuildFile; fileRef = 6EC920BF2B2DACC900A7E2C7 /* MovieEntity.swift */; };
		6EC920C22B2DAD6E00A7E2C7 /* DatabaseHelper.swift in Sources */ = {isa = PBXBuildFile; fileRef = 6EC920C12B2DAD6E00A7E2C7 /* DatabaseHelper.swift */; };
		6EC920C52B2E043F00A7E2C7 /* MockURLSessionProtocol.swift in Sources */ = {isa = PBXBuildFile; fileRef = 6EC920C42B2E043F00A7E2C7 /* MockURLSessionProtocol.swift */; };
		6EDCCC5F2B389791008F50DA /* MovieRepositoryTest.swift in Sources */ = {isa = PBXBuildFile; fileRef = 6EDCCC5E2B389791008F50DA /* MovieRepositoryTest.swift */; };
		6EDCCC612B39EC64008F50DA /* MockMovieRemoteDataSource.swift in Sources */ = {isa = PBXBuildFile; fileRef = 6EDCCC602B39EC64008F50DA /* MockMovieRemoteDataSource.swift */; };
/* End PBXBuildFile section */

/* Begin PBXContainerItemProxy section */
		6EC920B02B2D7B9300A7E2C7 /* PBXContainerItemProxy */ = {
			isa = PBXContainerItemProxy;
			containerPortal = 6EB0B7CD2B22118C00B598A7 /* Project object */;
			proxyType = 1;
			remoteGlobalIDString = 6EB0B7D42B22118C00B598A7;
			remoteInfo = MessageApp;
		};
/* End PBXContainerItemProxy section */

/* Begin PBXFileReference section */
		6E3901D52B312FB800BE6042 /* StaticJSONMapper.swift */ = {isa = PBXFileReference; lastKnownFileType = sourcecode.swift; path = StaticJSONMapper.swift; sourceTree = "<group>"; };
		6E3901D72B32845700BE6042 /* ErrorResponse.swift */ = {isa = PBXFileReference; lastKnownFileType = sourcecode.swift; path = ErrorResponse.swift; sourceTree = "<group>"; };
		6E3901D92B329F2500BE6042 /* NetworkManager.swift */ = {isa = PBXFileReference; lastKnownFileType = sourcecode.swift; path = NetworkManager.swift; sourceTree = "<group>"; };
		6E3901DB2B34226600BE6042 /* MovieLocalDataSourceTest.swift */ = {isa = PBXFileReference; lastKnownFileType = sourcecode.swift; path = MovieLocalDataSourceTest.swift; sourceTree = "<group>"; };
		6E3901DD2B34994100BE6042 /* CoreDataStack.swift */ = {isa = PBXFileReference; lastKnownFileType = sourcecode.swift; path = CoreDataStack.swift; sourceTree = "<group>"; };
		6E3901DF2B349A6400BE6042 /* CoreDataTestStack.swift */ = {isa = PBXFileReference; lastKnownFileType = sourcecode.swift; path = CoreDataTestStack.swift; sourceTree = "<group>"; };
		6E3905D52B356E6B0051D255 /* WatchlistEntity.swift */ = {isa = PBXFileReference; lastKnownFileType = sourcecode.swift; path = WatchlistEntity.swift; sourceTree = "<group>"; };
		6EB0B7D52B22118C00B598A7 /* MessageApp.app */ = {isa = PBXFileReference; explicitFileType = wrapper.application; includeInIndex = 0; path = MessageApp.app; sourceTree = BUILT_PRODUCTS_DIR; };
		6EB0B7D82B22118C00B598A7 /* AppDelegate.swift */ = {isa = PBXFileReference; lastKnownFileType = sourcecode.swift; path = AppDelegate.swift; sourceTree = "<group>"; };
		6EB0B7DA2B22118C00B598A7 /* SceneDelegate.swift */ = {isa = PBXFileReference; lastKnownFileType = sourcecode.swift; path = SceneDelegate.swift; sourceTree = "<group>"; };
		6EB0B7DC2B22118C00B598A7 /* MessageListViewController.swift */ = {isa = PBXFileReference; lastKnownFileType = sourcecode.swift; path = MessageListViewController.swift; sourceTree = "<group>"; };
		6EB0B7E12B22118E00B598A7 /* Assets.xcassets */ = {isa = PBXFileReference; lastKnownFileType = folder.assetcatalog; path = Assets.xcassets; sourceTree = "<group>"; };
		6EB0B7E42B22118E00B598A7 /* Base */ = {isa = PBXFileReference; lastKnownFileType = file.storyboard; name = Base; path = Base.lproj/LaunchScreen.storyboard; sourceTree = "<group>"; };
		6EB0B7E62B22118E00B598A7 /* Info.plist */ = {isa = PBXFileReference; lastKnownFileType = text.plist.xml; path = Info.plist; sourceTree = "<group>"; };
		6EB0B7EE2B22122D00B598A7 /* Poppins-Medium.ttf */ = {isa = PBXFileReference; lastKnownFileType = file; path = "Poppins-Medium.ttf"; sourceTree = "<group>"; };
		6EB0B7EF2B22122D00B598A7 /* Poppins-Bold.ttf */ = {isa = PBXFileReference; lastKnownFileType = file; path = "Poppins-Bold.ttf"; sourceTree = "<group>"; };
		6EB0B7F02B22122D00B598A7 /* Poppins-SemiBold.ttf */ = {isa = PBXFileReference; lastKnownFileType = file; path = "Poppins-SemiBold.ttf"; sourceTree = "<group>"; };
		6EB0B7F22B22122D00B598A7 /* send.wav */ = {isa = PBXFileReference; lastKnownFileType = audio.wav; path = send.wav; sourceTree = "<group>"; };
		6EB0B7F72B22BA0A00B598A7 /* Custom.swift */ = {isa = PBXFileReference; lastKnownFileType = sourcecode.swift; path = Custom.swift; sourceTree = "<group>"; };
		6EB0B7FB2B22BE0600B598A7 /* MessageListNavigationView.swift */ = {isa = PBXFileReference; lastKnownFileType = sourcecode.swift; path = MessageListNavigationView.swift; sourceTree = "<group>"; };
		6EB0B81E2B231D6200B598A7 /* Model.swift */ = {isa = PBXFileReference; lastKnownFileType = sourcecode.swift; path = Model.swift; sourceTree = "<group>"; };
		6EB0B8202B23209700B598A7 /* MessageListCollectionViewCell.swift */ = {isa = PBXFileReference; lastKnownFileType = sourcecode.swift; path = MessageListCollectionViewCell.swift; sourceTree = "<group>"; };
		6EB0B8222B23211400B598A7 /* CustomMessageView.swift */ = {isa = PBXFileReference; lastKnownFileType = sourcecode.swift; path = CustomMessageView.swift; sourceTree = "<group>"; };
		6EB258592B3AB37F0019E98A /* HomeUseCaseTest.swift */ = {isa = PBXFileReference; lastKnownFileType = sourcecode.swift; path = HomeUseCaseTest.swift; sourceTree = "<group>"; };
		6EB2585B2B3BC2D80019E98A /* MockMovieRepository.swift */ = {isa = PBXFileReference; lastKnownFileType = sourcecode.swift; path = MockMovieRepository.swift; sourceTree = "<group>"; };
		6EB2585E2B3BF7560019E98A /* Movie.swift */ = {isa = PBXFileReference; lastKnownFileType = sourcecode.swift; path = Movie.swift; sourceTree = "<group>"; };
		6EB258622B3C27EE0019E98A /* HomePresenterTest.swift */ = {isa = PBXFileReference; lastKnownFileType = sourcecode.swift; path = HomePresenterTest.swift; sourceTree = "<group>"; };
		6EC527792B24BD2B007CC056 /* APICall.swift */ = {isa = PBXFileReference; fileEncoding = 4; lastKnownFileType = sourcecode.swift; path = APICall.swift; sourceTree = "<group>"; };
		6EC5277B2B24BD2B007CC056 /* CustomError+Ext.swift */ = {isa = PBXFileReference; fileEncoding = 4; lastKnownFileType = sourcecode.swift; path = "CustomError+Ext.swift"; sourceTree = "<group>"; };
		6EC5277F2B24BD2B007CC056 /* BaseResponse.swift */ = {isa = PBXFileReference; fileEncoding = 4; lastKnownFileType = sourcecode.swift; path = BaseResponse.swift; sourceTree = "<group>"; };
		6EC527802B24BD2B007CC056 /* MovieResponse.swift */ = {isa = PBXFileReference; fileEncoding = 4; lastKnownFileType = sourcecode.swift; path = MovieResponse.swift; sourceTree = "<group>"; };
		6EC527812B24BD2B007CC056 /* MovieRemoteDataSource.swift */ = {isa = PBXFileReference; fileEncoding = 4; lastKnownFileType = sourcecode.swift; path = MovieRemoteDataSource.swift; sourceTree = "<group>"; };
		6EC527882B24C43A007CC056 /* MovieRepository.swift */ = {isa = PBXFileReference; lastKnownFileType = sourcecode.swift; path = MovieRepository.swift; sourceTree = "<group>"; };
		6EC5278D2B24C481007CC056 /* MovieRepositoryProtocol.swift */ = {isa = PBXFileReference; lastKnownFileType = sourcecode.swift; path = MovieRepositoryProtocol.swift; sourceTree = "<group>"; };
		6EC5278F2B24C4CF007CC056 /* MovieModel.swift */ = {isa = PBXFileReference; lastKnownFileType = sourcecode.swift; path = MovieModel.swift; sourceTree = "<group>"; };
		6EC527922B24C759007CC056 /* MovieMapper.swift */ = {isa = PBXFileReference; lastKnownFileType = sourcecode.swift; path = MovieMapper.swift; sourceTree = "<group>"; };
		6EC527952B24C997007CC056 /* HomeInteractor.swift */ = {isa = PBXFileReference; lastKnownFileType = sourcecode.swift; path = HomeInteractor.swift; sourceTree = "<group>"; };
		6EC527972B24CA59007CC056 /* Injection.swift */ = {isa = PBXFileReference; lastKnownFileType = sourcecode.swift; path = Injection.swift; sourceTree = "<group>"; };
		6EC9208C2B25BC3E00A7E2C7 /* HomePresenterProtocol.swift */ = {isa = PBXFileReference; lastKnownFileType = sourcecode.swift; path = HomePresenterProtocol.swift; sourceTree = "<group>"; };
		6EC9208E2B25BD5100A7E2C7 /* HomePresenter.swift */ = {isa = PBXFileReference; lastKnownFileType = sourcecode.swift; path = HomePresenter.swift; sourceTree = "<group>"; };
		6EC920AC2B2D7B9300A7E2C7 /* MessageAppTests.xctest */ = {isa = PBXFileReference; explicitFileType = wrapper.cfbundle; includeInIndex = 0; path = MessageAppTests.xctest; sourceTree = BUILT_PRODUCTS_DIR; };
		6EC920AE2B2D7B9300A7E2C7 /* MessageAppTests.swift */ = {isa = PBXFileReference; lastKnownFileType = sourcecode.swift; path = MessageAppTests.swift; sourceTree = "<group>"; };
		6EC920B72B2D7BCB00A7E2C7 /* MovieRemoteDataSourceTest.swift */ = {isa = PBXFileReference; lastKnownFileType = sourcecode.swift; path = MovieRemoteDataSourceTest.swift; sourceTree = "<group>"; };
		6EC920BC2B2DABBA00A7E2C7 /* MovieContainer.xcdatamodel */ = {isa = PBXFileReference; lastKnownFileType = wrapper.xcdatamodel; path = MovieContainer.xcdatamodel; sourceTree = "<group>"; };
		6EC920BF2B2DACC900A7E2C7 /* MovieEntity.swift */ = {isa = PBXFileReference; lastKnownFileType = sourcecode.swift; path = MovieEntity.swift; sourceTree = "<group>"; };
		6EC920C12B2DAD6E00A7E2C7 /* DatabaseHelper.swift */ = {isa = PBXFileReference; lastKnownFileType = sourcecode.swift; path = DatabaseHelper.swift; sourceTree = "<group>"; };
		6EC920C42B2E043F00A7E2C7 /* MockURLSessionProtocol.swift */ = {isa = PBXFileReference; lastKnownFileType = sourcecode.swift; path = MockURLSessionProtocol.swift; sourceTree = "<group>"; };
		6EC920C82B2E078200A7E2C7 /* NowPlayingMoviesData.json */ = {isa = PBXFileReference; lastKnownFileType = text.json; path = NowPlayingMoviesData.json; sourceTree = "<group>"; };
		6EDCCC5E2B389791008F50DA /* MovieRepositoryTest.swift */ = {isa = PBXFileReference; lastKnownFileType = sourcecode.swift; path = MovieRepositoryTest.swift; sourceTree = "<group>"; };
		6EDCCC602B39EC64008F50DA /* MockMovieRemoteDataSource.swift */ = {isa = PBXFileReference; lastKnownFileType = sourcecode.swift; path = MockMovieRemoteDataSource.swift; sourceTree = "<group>"; };
/* End PBXFileReference section */

/* Begin PBXFrameworksBuildPhase section */
		6EB0B7D22B22118C00B598A7 /* Frameworks */ = {
			isa = PBXFrameworksBuildPhase;
			buildActionMask = 2147483647;
			files = (
			);
			runOnlyForDeploymentPostprocessing = 0;
		};
		6EC920A92B2D7B9300A7E2C7 /* Frameworks */ = {
			isa = PBXFrameworksBuildPhase;
			buildActionMask = 2147483647;
			files = (
			);
			runOnlyForDeploymentPostprocessing = 0;
		};
/* End PBXFrameworksBuildPhase section */

/* Begin PBXGroup section */
		6EB0B7CC2B22118C00B598A7 = {
			isa = PBXGroup;
			children = (
				6EB0B7D72B22118C00B598A7 /* MessageApp */,
				6EC920AD2B2D7B9300A7E2C7 /* MessageAppTests */,
				6EB0B7D62B22118C00B598A7 /* Products */,
			);
			sourceTree = "<group>";
		};
		6EB0B7D62B22118C00B598A7 /* Products */ = {
			isa = PBXGroup;
			children = (
				6EB0B7D52B22118C00B598A7 /* MessageApp.app */,
				6EC920AC2B2D7B9300A7E2C7 /* MessageAppTests.xctest */,
			);
			name = Products;
			sourceTree = "<group>";
		};
		6EB0B7D72B22118C00B598A7 /* MessageApp */ = {
			isa = PBXGroup;
			children = (
				6EC527992B25283E007CC056 /* Module */,
				6EC527752B24BD2B007CC056 /* Core */,
				6EB0B7EC2B2211AB00B598A7 /* Utilities */,
				6EB0B7D82B22118C00B598A7 /* AppDelegate.swift */,
				6EB0B7DA2B22118C00B598A7 /* SceneDelegate.swift */,
				6EB0B7E12B22118E00B598A7 /* Assets.xcassets */,
				6EB0B7E32B22118E00B598A7 /* LaunchScreen.storyboard */,
				6EB0B7E62B22118E00B598A7 /* Info.plist */,
				6EC920BB2B2DABBA00A7E2C7 /* MovieContainer.xcdatamodeld */,
			);
			path = MessageApp;
			sourceTree = "<group>";
		};
		6EB0B7EC2B2211AB00B598A7 /* Utilities */ = {
			isa = PBXGroup;
			children = (
				6EB0B7ED2B22122D00B598A7 /* Fonts */,
				6EB0B7F12B22122D00B598A7 /* Sound */,
				6EB0B7F72B22BA0A00B598A7 /* Custom.swift */,
				6EB0B81E2B231D6200B598A7 /* Model.swift */,
			);
			path = Utilities;
			sourceTree = "<group>";
		};
		6EB0B7ED2B22122D00B598A7 /* Fonts */ = {
			isa = PBXGroup;
			children = (
				6EB0B7EE2B22122D00B598A7 /* Poppins-Medium.ttf */,
				6EB0B7EF2B22122D00B598A7 /* Poppins-Bold.ttf */,
				6EB0B7F02B22122D00B598A7 /* Poppins-SemiBold.ttf */,
			);
			path = Fonts;
			sourceTree = "<group>";
		};
		6EB0B7F12B22122D00B598A7 /* Sound */ = {
			isa = PBXGroup;
			children = (
				6EB0B7F22B22122D00B598A7 /* send.wav */,
			);
			path = Sound;
			sourceTree = "<group>";
		};
		6EB0B7F92B22BA7800B598A7 /* Components */ = {
			isa = PBXGroup;
			children = (
				6EB0B7FB2B22BE0600B598A7 /* MessageListNavigationView.swift */,
				6EB0B8202B23209700B598A7 /* MessageListCollectionViewCell.swift */,
				6EB0B8222B23211400B598A7 /* CustomMessageView.swift */,
			);
			path = Components;
			sourceTree = "<group>";
		};
		6EB0B7FA2B22BB6E00B598A7 /* Pages */ = {
			isa = PBXGroup;
			children = (
				6EC5279B2B252875007CC056 /* Home */,
			);
			path = Pages;
			sourceTree = "<group>";
		};
		6EB258572B3AB33A0019E98A /* Domain */ = {
			isa = PBXGroup;
			children = (
				6EB258582B3AB33F0019E98A /* UseCase */,
			);
			path = Domain;
			sourceTree = "<group>";
		};
		6EB258582B3AB33F0019E98A /* UseCase */ = {
			isa = PBXGroup;
			children = (
				6EB258592B3AB37F0019E98A /* HomeUseCaseTest.swift */,
			);
			path = UseCase;
			sourceTree = "<group>";
		};
		6EB2585D2B3BF7420019E98A /* Model */ = {
			isa = PBXGroup;
			children = (
				6EB2585E2B3BF7560019E98A /* Movie.swift */,
			);
			path = Model;
			sourceTree = "<group>";
		};
		6EB258602B3BF7DA0019E98A /* Presenter */ = {
			isa = PBXGroup;
			children = (
				6EB258622B3C27EE0019E98A /* HomePresenterTest.swift */,
			);
			path = Presenter;
			sourceTree = "<group>";
		};
		6EC527752B24BD2B007CC056 /* Core */ = {
			isa = PBXGroup;
			children = (
				6EC527762B24BD2B007CC056 /* DI */,
				6EC527772B24BD2B007CC056 /* Utils */,
				6EC5277C2B24BD2B007CC056 /* Data */,
				6EC527822B24BD2B007CC056 /* Domain */,
			);
			path = Core;
			sourceTree = "<group>";
		};
		6EC527762B24BD2B007CC056 /* DI */ = {
			isa = PBXGroup;
			children = (
				6EC527972B24CA59007CC056 /* Injection.swift */,
			);
			path = DI;
			sourceTree = "<group>";
		};
		6EC527772B24BD2B007CC056 /* Utils */ = {
			isa = PBXGroup;
			children = (
				6EC527912B24C73F007CC056 /* Mapper */,
				6EC527782B24BD2B007CC056 /* Network */,
				6EC5277A2B24BD2B007CC056 /* Extensions */,
			);
			path = Utils;
			sourceTree = "<group>";
		};
		6EC527782B24BD2B007CC056 /* Network */ = {
			isa = PBXGroup;
			children = (
				6EC527792B24BD2B007CC056 /* APICall.swift */,
			);
			path = Network;
			sourceTree = "<group>";
		};
		6EC5277A2B24BD2B007CC056 /* Extensions */ = {
			isa = PBXGroup;
			children = (
				6EC5277B2B24BD2B007CC056 /* CustomError+Ext.swift */,
			);
			path = Extensions;
			sourceTree = "<group>";
		};
		6EC5277C2B24BD2B007CC056 /* Data */ = {
			isa = PBXGroup;
			children = (
				6EC527882B24C43A007CC056 /* MovieRepository.swift */,
				6EC920B92B2DA7ED00A7E2C7 /* Locale */,
				6EC5277D2B24BD2B007CC056 /* Remote */,
			);
			path = Data;
			sourceTree = "<group>";
		};
		6EC5277D2B24BD2B007CC056 /* Remote */ = {
			isa = PBXGroup;
			children = (
				6EC5277E2B24BD2B007CC056 /* Response */,
				6EC527812B24BD2B007CC056 /* MovieRemoteDataSource.swift */,
				6E3901D92B329F2500BE6042 /* NetworkManager.swift */,
			);
			path = Remote;
			sourceTree = "<group>";
		};
		6EC5277E2B24BD2B007CC056 /* Response */ = {
			isa = PBXGroup;
			children = (
				6EC5277F2B24BD2B007CC056 /* BaseResponse.swift */,
				6EC527802B24BD2B007CC056 /* MovieResponse.swift */,
				6E3901D72B32845700BE6042 /* ErrorResponse.swift */,
			);
			path = Response;
			sourceTree = "<group>";
		};
		6EC527822B24BD2B007CC056 /* Domain */ = {
			isa = PBXGroup;
			children = (
				6EC5278C2B24C45F007CC056 /* Repository */,
				6EC5278B2B24C459007CC056 /* UseCase */,
				6EC5278A2B24C454007CC056 /* Model */,
			);
			path = Domain;
			sourceTree = "<group>";
		};
		6EC5278A2B24C454007CC056 /* Model */ = {
			isa = PBXGroup;
			children = (
				6EC5278F2B24C4CF007CC056 /* MovieModel.swift */,
			);
			path = Model;
			sourceTree = "<group>";
		};
		6EC5278B2B24C459007CC056 /* UseCase */ = {
			isa = PBXGroup;
			children = (
				6EC527952B24C997007CC056 /* HomeInteractor.swift */,
			);
			path = UseCase;
			sourceTree = "<group>";
		};
		6EC5278C2B24C45F007CC056 /* Repository */ = {
			isa = PBXGroup;
			children = (
				6EC5278D2B24C481007CC056 /* MovieRepositoryProtocol.swift */,
			);
			path = Repository;
			sourceTree = "<group>";
		};
		6EC527912B24C73F007CC056 /* Mapper */ = {
			isa = PBXGroup;
			children = (
				6EC527922B24C759007CC056 /* MovieMapper.swift */,
				6E3901D52B312FB800BE6042 /* StaticJSONMapper.swift */,
			);
			path = Mapper;
			sourceTree = "<group>";
		};
		6EC527992B25283E007CC056 /* Module */ = {
			isa = PBXGroup;
			children = (
				6EB0B7FA2B22BB6E00B598A7 /* Pages */,
				6EB0B7F92B22BA7800B598A7 /* Components */,
			);
			path = Module;
			sourceTree = "<group>";
		};
		6EC5279B2B252875007CC056 /* Home */ = {
			isa = PBXGroup;
			children = (
				6EC5279D2B252899007CC056 /* View */,
				6EC5279C2B252892007CC056 /* Presenter */,
			);
			path = Home;
			sourceTree = "<group>";
		};
		6EC5279C2B252892007CC056 /* Presenter */ = {
			isa = PBXGroup;
			children = (
				6EC9208C2B25BC3E00A7E2C7 /* HomePresenterProtocol.swift */,
				6EC9208E2B25BD5100A7E2C7 /* HomePresenter.swift */,
			);
			path = Presenter;
			sourceTree = "<group>";
		};
		6EC5279D2B252899007CC056 /* View */ = {
			isa = PBXGroup;
			children = (
				6EB0B7DC2B22118C00B598A7 /* MessageListViewController.swift */,
			);
			path = View;
			sourceTree = "<group>";
		};
		6EC920AD2B2D7B9300A7E2C7 /* MessageAppTests */ = {
			isa = PBXGroup;
			children = (
				6EB258602B3BF7DA0019E98A /* Presenter */,
				6EC920C62B2E075000A7E2C7 /* Resources */,
				6EC920C32B2E03E700A7E2C7 /* Mocks */,
				6EC920B52B2D7B9B00A7E2C7 /* Data */,
				6EC920AE2B2D7B9300A7E2C7 /* MessageAppTests.swift */,
			);
			path = MessageAppTests;
			sourceTree = "<group>";
		};
		6EC920B52B2D7B9B00A7E2C7 /* Data */ = {
			isa = PBXGroup;
			children = (
				6EB258572B3AB33A0019E98A /* Domain */,
				6EDCCC5B2B389710008F50DA /* Repositories */,
				6EC920B62B2D7BAF00A7E2C7 /* DataSource */,
			);
			path = Data;
			sourceTree = "<group>";
		};
		6EC920B62B2D7BAF00A7E2C7 /* DataSource */ = {
			isa = PBXGroup;
			children = (
				6EC920B72B2D7BCB00A7E2C7 /* MovieRemoteDataSourceTest.swift */,
				6E3901DB2B34226600BE6042 /* MovieLocalDataSourceTest.swift */,
				6E3901DF2B349A6400BE6042 /* CoreDataTestStack.swift */,
			);
			path = DataSource;
			sourceTree = "<group>";
		};
		6EC920B92B2DA7ED00A7E2C7 /* Locale */ = {
			isa = PBXGroup;
			children = (
				6EC920BE2B2DAC9B00A7E2C7 /* Entities */,
				6EC920BA2B2DA82300A7E2C7 /* db */,
			);
			path = Locale;
			sourceTree = "<group>";
		};
		6EC920BA2B2DA82300A7E2C7 /* db */ = {
			isa = PBXGroup;
			children = (
				6EC920C12B2DAD6E00A7E2C7 /* DatabaseHelper.swift */,
				6E3901DD2B34994100BE6042 /* CoreDataStack.swift */,
			);
			path = db;
			sourceTree = "<group>";
		};
		6EC920BE2B2DAC9B00A7E2C7 /* Entities */ = {
			isa = PBXGroup;
			children = (
				6EC920BF2B2DACC900A7E2C7 /* MovieEntity.swift */,
				6E3905D52B356E6B0051D255 /* WatchlistEntity.swift */,
			);
			path = Entities;
			sourceTree = "<group>";
		};
		6EC920C32B2E03E700A7E2C7 /* Mocks */ = {
			isa = PBXGroup;
			children = (
				6EC920C42B2E043F00A7E2C7 /* MockURLSessionProtocol.swift */,
				6EDCCC602B39EC64008F50DA /* MockMovieRemoteDataSource.swift */,
				6EB2585B2B3BC2D80019E98A /* MockMovieRepository.swift */,
			);
			path = Mocks;
			sourceTree = "<group>";
		};
		6EC920C62B2E075000A7E2C7 /* Resources */ = {
			isa = PBXGroup;
			children = (
				6EB2585D2B3BF7420019E98A /* Model */,
				6EC920C72B2E075C00A7E2C7 /* JSON */,
			);
			path = Resources;
			sourceTree = "<group>";
		};
		6EC920C72B2E075C00A7E2C7 /* JSON */ = {
			isa = PBXGroup;
			children = (
				6EC920C82B2E078200A7E2C7 /* NowPlayingMoviesData.json */,
			);
			path = JSON;
			sourceTree = "<group>";
		};
		6EDCCC5B2B389710008F50DA /* Repositories */ = {
			isa = PBXGroup;
			children = (
				6EDCCC5E2B389791008F50DA /* MovieRepositoryTest.swift */,
			);
			path = Repositories;
			sourceTree = "<group>";
		};
/* End PBXGroup section */

/* Begin PBXNativeTarget section */
		6EB0B7D42B22118C00B598A7 /* MessageApp */ = {
			isa = PBXNativeTarget;
			buildConfigurationList = 6EB0B7E92B22118E00B598A7 /* Build configuration list for PBXNativeTarget "MessageApp" */;
			buildPhases = (
				6EB0B7D12B22118C00B598A7 /* Sources */,
				6EB0B7D22B22118C00B598A7 /* Frameworks */,
				6EB0B7D32B22118C00B598A7 /* Resources */,
			);
			buildRules = (
			);
			dependencies = (
			);
			name = MessageApp;
			productName = MessageApp;
			productReference = 6EB0B7D52B22118C00B598A7 /* MessageApp.app */;
			productType = "com.apple.product-type.application";
		};
		6EC920AB2B2D7B9300A7E2C7 /* MessageAppTests */ = {
			isa = PBXNativeTarget;
			buildConfigurationList = 6EC920B22B2D7B9300A7E2C7 /* Build configuration list for PBXNativeTarget "MessageAppTests" */;
			buildPhases = (
				6EC920A82B2D7B9300A7E2C7 /* Sources */,
				6EC920A92B2D7B9300A7E2C7 /* Frameworks */,
				6EC920AA2B2D7B9300A7E2C7 /* Resources */,
			);
			buildRules = (
			);
			dependencies = (
				6EC920B12B2D7B9300A7E2C7 /* PBXTargetDependency */,
			);
			name = MessageAppTests;
			productName = MessageAppTests;
			productReference = 6EC920AC2B2D7B9300A7E2C7 /* MessageAppTests.xctest */;
			productType = "com.apple.product-type.bundle.unit-test";
		};
/* End PBXNativeTarget section */

/* Begin PBXProject section */
		6EB0B7CD2B22118C00B598A7 /* Project object */ = {
			isa = PBXProject;
			attributes = {
				BuildIndependentTargetsInParallel = 1;
				LastSwiftUpdateCheck = 1420;
				LastUpgradeCheck = 1420;
				TargetAttributes = {
					6EB0B7D42B22118C00B598A7 = {
						CreatedOnToolsVersion = 14.2;
					};
					6EC920AB2B2D7B9300A7E2C7 = {
						CreatedOnToolsVersion = 14.2;
						TestTargetID = 6EB0B7D42B22118C00B598A7;
					};
				};
			};
			buildConfigurationList = 6EB0B7D02B22118C00B598A7 /* Build configuration list for PBXProject "MessageApp" */;
			compatibilityVersion = "Xcode 14.0";
			developmentRegion = en;
			hasScannedForEncodings = 0;
			knownRegions = (
				en,
				Base,
			);
			mainGroup = 6EB0B7CC2B22118C00B598A7;
			productRefGroup = 6EB0B7D62B22118C00B598A7 /* Products */;
			projectDirPath = "";
			projectRoot = "";
			targets = (
				6EB0B7D42B22118C00B598A7 /* MessageApp */,
				6EC920AB2B2D7B9300A7E2C7 /* MessageAppTests */,
			);
		};
/* End PBXProject section */

/* Begin PBXResourcesBuildPhase section */
		6EB0B7D32B22118C00B598A7 /* Resources */ = {
			isa = PBXResourcesBuildPhase;
			buildActionMask = 2147483647;
			files = (
				6E3901D42B30941600BE6042 /* NowPlayingMoviesData.json in Resources */,
				6EB0B7E52B22118E00B598A7 /* LaunchScreen.storyboard in Resources */,
				6EB0B7F32B22122D00B598A7 /* Poppins-Medium.ttf in Resources */,
				6EB0B7F42B22122D00B598A7 /* Poppins-Bold.ttf in Resources */,
				6EB0B7F52B22122D00B598A7 /* Poppins-SemiBold.ttf in Resources */,
				6EB0B7E22B22118E00B598A7 /* Assets.xcassets in Resources */,
				6EB0B7F62B22122D00B598A7 /* send.wav in Resources */,
			);
			runOnlyForDeploymentPostprocessing = 0;
		};
		6EC920AA2B2D7B9300A7E2C7 /* Resources */ = {
			isa = PBXResourcesBuildPhase;
			buildActionMask = 2147483647;
			files = (
			);
			runOnlyForDeploymentPostprocessing = 0;
		};
/* End PBXResourcesBuildPhase section */

/* Begin PBXSourcesBuildPhase section */
		6EB0B7D12B22118C00B598A7 /* Sources */ = {
			isa = PBXSourcesBuildPhase;
			buildActionMask = 2147483647;
			files = (
				6E3901DA2B329F2500BE6042 /* NetworkManager.swift in Sources */,
				6EC9208F2B25BD5100A7E2C7 /* HomePresenter.swift in Sources */,
				6EB0B7DD2B22118C00B598A7 /* MessageListViewController.swift in Sources */,
				6EC527842B24BD2B007CC056 /* CustomError+Ext.swift in Sources */,
				6EB0B7D92B22118C00B598A7 /* AppDelegate.swift in Sources */,
				6EC920C22B2DAD6E00A7E2C7 /* DatabaseHelper.swift in Sources */,
				6EB0B7F82B22BA0A00B598A7 /* Custom.swift in Sources */,
				6E3901DE2B34994100BE6042 /* CoreDataStack.swift in Sources */,
				6EC527932B24C759007CC056 /* MovieMapper.swift in Sources */,
				6EC527892B24C43A007CC056 /* MovieRepository.swift in Sources */,
				6EC5278E2B24C481007CC056 /* MovieRepositoryProtocol.swift in Sources */,
				6EB0B8212B23209700B598A7 /* MessageListCollectionViewCell.swift in Sources */,
				6EB0B81F2B231D6200B598A7 /* Model.swift in Sources */,
				6EC9208D2B25BC3E00A7E2C7 /* HomePresenterProtocol.swift in Sources */,
				6EC920C02B2DACC900A7E2C7 /* MovieEntity.swift in Sources */,
				6EB0B8232B23211400B598A7 /* CustomMessageView.swift in Sources */,
				6E3905D62B356E6B0051D255 /* WatchlistEntity.swift in Sources */,
				6EC527872B24BD2B007CC056 /* MovieRemoteDataSource.swift in Sources */,
				6EB0B7FC2B22BE0600B598A7 /* MessageListNavigationView.swift in Sources */,
				6EB0B7DB2B22118C00B598A7 /* SceneDelegate.swift in Sources */,
				6EC527902B24C4CF007CC056 /* MovieModel.swift in Sources */,
				6EC527862B24BD2B007CC056 /* MovieResponse.swift in Sources */,
				6EC527962B24C997007CC056 /* HomeInteractor.swift in Sources */,
				6EC920BD2B2DABBA00A7E2C7 /* MovieContainer.xcdatamodeld in Sources */,
				6EC527852B24BD2B007CC056 /* BaseResponse.swift in Sources */,
				6EC527832B24BD2B007CC056 /* APICall.swift in Sources */,
				6EC527982B24CA59007CC056 /* Injection.swift in Sources */,
				6E3901D62B312FB800BE6042 /* StaticJSONMapper.swift in Sources */,
				6E3901D82B32845700BE6042 /* ErrorResponse.swift in Sources */,
			);
			runOnlyForDeploymentPostprocessing = 0;
		};
		6EC920A82B2D7B9300A7E2C7 /* Sources */ = {
			isa = PBXSourcesBuildPhase;
			buildActionMask = 2147483647;
			files = (
				6EDCCC612B39EC64008F50DA /* MockMovieRemoteDataSource.swift in Sources */,
				6EB258632B3C27EE0019E98A /* HomePresenterTest.swift in Sources */,
				6EB2585C2B3BC2D80019E98A /* MockMovieRepository.swift in Sources */,
				6EC920AF2B2D7B9300A7E2C7 /* MessageAppTests.swift in Sources */,
				6EC920B82B2D7BCB00A7E2C7 /* MovieRemoteDataSourceTest.swift in Sources */,
				6EB2585F2B3BF7560019E98A /* Movie.swift in Sources */,
				6EB2585A2B3AB37F0019E98A /* HomeUseCaseTest.swift in Sources */,
				6EDCCC5F2B389791008F50DA /* MovieRepositoryTest.swift in Sources */,
				6E3901E02B349A6400BE6042 /* CoreDataTestStack.swift in Sources */,
				6EC920C52B2E043F00A7E2C7 /* MockURLSessionProtocol.swift in Sources */,
				6E3901DC2B34226600BE6042 /* MovieLocalDataSourceTest.swift in Sources */,
			);
			runOnlyForDeploymentPostprocessing = 0;
		};
/* End PBXSourcesBuildPhase section */

/* Begin PBXTargetDependency section */
		6EC920B12B2D7B9300A7E2C7 /* PBXTargetDependency */ = {
			isa = PBXTargetDependency;
			target = 6EB0B7D42B22118C00B598A7 /* MessageApp */;
			targetProxy = 6EC920B02B2D7B9300A7E2C7 /* PBXContainerItemProxy */;
		};
/* End PBXTargetDependency section */

/* Begin PBXVariantGroup section */
		6EB0B7E32B22118E00B598A7 /* LaunchScreen.storyboard */ = {
			isa = PBXVariantGroup;
			children = (
				6EB0B7E42B22118E00B598A7 /* Base */,
			);
			name = LaunchScreen.storyboard;
			sourceTree = "<group>";
		};
/* End PBXVariantGroup section */

/* Begin XCBuildConfiguration section */
		6EB0B7E72B22118E00B598A7 /* Debug */ = {
			isa = XCBuildConfiguration;
			buildSettings = {
				ALWAYS_SEARCH_USER_PATHS = NO;
				CLANG_ANALYZER_NONNULL = YES;
				CLANG_ANALYZER_NUMBER_OBJECT_CONVERSION = YES_AGGRESSIVE;
				CLANG_CXX_LANGUAGE_STANDARD = "gnu++20";
				CLANG_ENABLE_MODULES = YES;
				CLANG_ENABLE_OBJC_ARC = YES;
				CLANG_ENABLE_OBJC_WEAK = YES;
				CLANG_WARN_BLOCK_CAPTURE_AUTORELEASING = YES;
				CLANG_WARN_BOOL_CONVERSION = YES;
				CLANG_WARN_COMMA = YES;
				CLANG_WARN_CONSTANT_CONVERSION = YES;
				CLANG_WARN_DEPRECATED_OBJC_IMPLEMENTATIONS = YES;
				CLANG_WARN_DIRECT_OBJC_ISA_USAGE = YES_ERROR;
				CLANG_WARN_DOCUMENTATION_COMMENTS = YES;
				CLANG_WARN_EMPTY_BODY = YES;
				CLANG_WARN_ENUM_CONVERSION = YES;
				CLANG_WARN_INFINITE_RECURSION = YES;
				CLANG_WARN_INT_CONVERSION = YES;
				CLANG_WARN_NON_LITERAL_NULL_CONVERSION = YES;
				CLANG_WARN_OBJC_IMPLICIT_RETAIN_SELF = YES;
				CLANG_WARN_OBJC_LITERAL_CONVERSION = YES;
				CLANG_WARN_OBJC_ROOT_CLASS = YES_ERROR;
				CLANG_WARN_QUOTED_INCLUDE_IN_FRAMEWORK_HEADER = YES;
				CLANG_WARN_RANGE_LOOP_ANALYSIS = YES;
				CLANG_WARN_STRICT_PROTOTYPES = YES;
				CLANG_WARN_SUSPICIOUS_MOVE = YES;
				CLANG_WARN_UNGUARDED_AVAILABILITY = YES_AGGRESSIVE;
				CLANG_WARN_UNREACHABLE_CODE = YES;
				CLANG_WARN__DUPLICATE_METHOD_MATCH = YES;
				COPY_PHASE_STRIP = NO;
				DEBUG_INFORMATION_FORMAT = dwarf;
				ENABLE_STRICT_OBJC_MSGSEND = YES;
				ENABLE_TESTABILITY = YES;
				GCC_C_LANGUAGE_STANDARD = gnu11;
				GCC_DYNAMIC_NO_PIC = NO;
				GCC_NO_COMMON_BLOCKS = YES;
				GCC_OPTIMIZATION_LEVEL = 0;
				GCC_PREPROCESSOR_DEFINITIONS = (
					"DEBUG=1",
					"$(inherited)",
				);
				GCC_WARN_64_TO_32_BIT_CONVERSION = YES;
				GCC_WARN_ABOUT_RETURN_TYPE = YES_ERROR;
				GCC_WARN_UNDECLARED_SELECTOR = YES;
				GCC_WARN_UNINITIALIZED_AUTOS = YES_AGGRESSIVE;
				GCC_WARN_UNUSED_FUNCTION = YES;
				GCC_WARN_UNUSED_VARIABLE = YES;
				IPHONEOS_DEPLOYMENT_TARGET = 13.0;
				MTL_ENABLE_DEBUG_INFO = INCLUDE_SOURCE;
				MTL_FAST_MATH = YES;
				ONLY_ACTIVE_ARCH = YES;
				SDKROOT = iphoneos;
				SWIFT_ACTIVE_COMPILATION_CONDITIONS = DEBUG;
				SWIFT_OPTIMIZATION_LEVEL = "-Onone";
			};
			name = Debug;
		};
		6EB0B7E82B22118E00B598A7 /* Release */ = {
			isa = XCBuildConfiguration;
			buildSettings = {
				ALWAYS_SEARCH_USER_PATHS = NO;
				CLANG_ANALYZER_NONNULL = YES;
				CLANG_ANALYZER_NUMBER_OBJECT_CONVERSION = YES_AGGRESSIVE;
				CLANG_CXX_LANGUAGE_STANDARD = "gnu++20";
				CLANG_ENABLE_MODULES = YES;
				CLANG_ENABLE_OBJC_ARC = YES;
				CLANG_ENABLE_OBJC_WEAK = YES;
				CLANG_WARN_BLOCK_CAPTURE_AUTORELEASING = YES;
				CLANG_WARN_BOOL_CONVERSION = YES;
				CLANG_WARN_COMMA = YES;
				CLANG_WARN_CONSTANT_CONVERSION = YES;
				CLANG_WARN_DEPRECATED_OBJC_IMPLEMENTATIONS = YES;
				CLANG_WARN_DIRECT_OBJC_ISA_USAGE = YES_ERROR;
				CLANG_WARN_DOCUMENTATION_COMMENTS = YES;
				CLANG_WARN_EMPTY_BODY = YES;
				CLANG_WARN_ENUM_CONVERSION = YES;
				CLANG_WARN_INFINITE_RECURSION = YES;
				CLANG_WARN_INT_CONVERSION = YES;
				CLANG_WARN_NON_LITERAL_NULL_CONVERSION = YES;
				CLANG_WARN_OBJC_IMPLICIT_RETAIN_SELF = YES;
				CLANG_WARN_OBJC_LITERAL_CONVERSION = YES;
				CLANG_WARN_OBJC_ROOT_CLASS = YES_ERROR;
				CLANG_WARN_QUOTED_INCLUDE_IN_FRAMEWORK_HEADER = YES;
				CLANG_WARN_RANGE_LOOP_ANALYSIS = YES;
				CLANG_WARN_STRICT_PROTOTYPES = YES;
				CLANG_WARN_SUSPICIOUS_MOVE = YES;
				CLANG_WARN_UNGUARDED_AVAILABILITY = YES_AGGRESSIVE;
				CLANG_WARN_UNREACHABLE_CODE = YES;
				CLANG_WARN__DUPLICATE_METHOD_MATCH = YES;
				COPY_PHASE_STRIP = NO;
				DEBUG_INFORMATION_FORMAT = "dwarf-with-dsym";
				ENABLE_NS_ASSERTIONS = NO;
				ENABLE_STRICT_OBJC_MSGSEND = YES;
				GCC_C_LANGUAGE_STANDARD = gnu11;
				GCC_NO_COMMON_BLOCKS = YES;
				GCC_WARN_64_TO_32_BIT_CONVERSION = YES;
				GCC_WARN_ABOUT_RETURN_TYPE = YES_ERROR;
				GCC_WARN_UNDECLARED_SELECTOR = YES;
				GCC_WARN_UNINITIALIZED_AUTOS = YES_AGGRESSIVE;
				GCC_WARN_UNUSED_FUNCTION = YES;
				GCC_WARN_UNUSED_VARIABLE = YES;
				IPHONEOS_DEPLOYMENT_TARGET = 13.0;
				MTL_ENABLE_DEBUG_INFO = NO;
				MTL_FAST_MATH = YES;
				SDKROOT = iphoneos;
				SWIFT_COMPILATION_MODE = wholemodule;
				SWIFT_OPTIMIZATION_LEVEL = "-O";
				VALIDATE_PRODUCT = YES;
			};
			name = Release;
		};
		6EB0B7EA2B22118E00B598A7 /* Debug */ = {
			isa = XCBuildConfiguration;
			buildSettings = {
				ASSETCATALOG_COMPILER_APPICON_NAME = AppIcon;
				ASSETCATALOG_COMPILER_GLOBAL_ACCENT_COLOR_NAME = AccentColor;
				CODE_SIGN_STYLE = Automatic;
				CURRENT_PROJECT_VERSION = 1;
				GENERATE_INFOPLIST_FILE = YES;
				INFOPLIST_FILE = MessageApp/Info.plist;
				INFOPLIST_KEY_UIApplicationSupportsIndirectInputEvents = YES;
				INFOPLIST_KEY_UILaunchStoryboardName = LaunchScreen;
				INFOPLIST_KEY_UISupportedInterfaceOrientations_iPad = "UIInterfaceOrientationPortrait UIInterfaceOrientationPortraitUpsideDown UIInterfaceOrientationLandscapeLeft UIInterfaceOrientationLandscapeRight";
				INFOPLIST_KEY_UISupportedInterfaceOrientations_iPhone = "UIInterfaceOrientationPortrait UIInterfaceOrientationLandscapeLeft UIInterfaceOrientationLandscapeRight";
				IPHONEOS_DEPLOYMENT_TARGET = 13.0;
				LD_RUNPATH_SEARCH_PATHS = (
					"$(inherited)",
					"@executable_path/Frameworks",
				);
				MARKETING_VERSION = 1.0;
				PRODUCT_BUNDLE_IDENTIFIER = com.iqbal.app.MessageApp;
				PRODUCT_NAME = "$(TARGET_NAME)";
				SWIFT_EMIT_LOC_STRINGS = YES;
				SWIFT_VERSION = 5.0;
				TARGETED_DEVICE_FAMILY = "1,2";
			};
			name = Debug;
		};
		6EB0B7EB2B22118E00B598A7 /* Release */ = {
			isa = XCBuildConfiguration;
			buildSettings = {
				ASSETCATALOG_COMPILER_APPICON_NAME = AppIcon;
				ASSETCATALOG_COMPILER_GLOBAL_ACCENT_COLOR_NAME = AccentColor;
				CODE_SIGN_STYLE = Automatic;
				CURRENT_PROJECT_VERSION = 1;
				GENERATE_INFOPLIST_FILE = YES;
				INFOPLIST_FILE = MessageApp/Info.plist;
				INFOPLIST_KEY_UIApplicationSupportsIndirectInputEvents = YES;
				INFOPLIST_KEY_UILaunchStoryboardName = LaunchScreen;
				INFOPLIST_KEY_UISupportedInterfaceOrientations_iPad = "UIInterfaceOrientationPortrait UIInterfaceOrientationPortraitUpsideDown UIInterfaceOrientationLandscapeLeft UIInterfaceOrientationLandscapeRight";
				INFOPLIST_KEY_UISupportedInterfaceOrientations_iPhone = "UIInterfaceOrientationPortrait UIInterfaceOrientationLandscapeLeft UIInterfaceOrientationLandscapeRight";
				IPHONEOS_DEPLOYMENT_TARGET = 13.0;
				LD_RUNPATH_SEARCH_PATHS = (
					"$(inherited)",
					"@executable_path/Frameworks",
				);
				MARKETING_VERSION = 1.0;
				PRODUCT_BUNDLE_IDENTIFIER = com.iqbal.app.MessageApp;
				PRODUCT_NAME = "$(TARGET_NAME)";
				SWIFT_EMIT_LOC_STRINGS = YES;
				SWIFT_VERSION = 5.0;
				TARGETED_DEVICE_FAMILY = "1,2";
			};
			name = Release;
		};
		6EC920B32B2D7B9300A7E2C7 /* Debug */ = {
			isa = XCBuildConfiguration;
			buildSettings = {
				BUNDLE_LOADER = "$(TEST_HOST)";
				CODE_SIGN_STYLE = Automatic;
				CURRENT_PROJECT_VERSION = 1;
				GENERATE_INFOPLIST_FILE = YES;
				MARKETING_VERSION = 1.0;
				PRODUCT_BUNDLE_IDENTIFIER = com.iqbal.app.MessageAppTests;
				PRODUCT_NAME = "$(TARGET_NAME)";
				SWIFT_EMIT_LOC_STRINGS = NO;
				SWIFT_VERSION = 5.0;
				TARGETED_DEVICE_FAMILY = "1,2";
				TEST_HOST = "$(BUILT_PRODUCTS_DIR)/MessageApp.app/$(BUNDLE_EXECUTABLE_FOLDER_PATH)/MessageApp";
			};
			name = Debug;
		};
		6EC920B42B2D7B9300A7E2C7 /* Release */ = {
			isa = XCBuildConfiguration;
			buildSettings = {
				BUNDLE_LOADER = "$(TEST_HOST)";
				CODE_SIGN_STYLE = Automatic;
				CURRENT_PROJECT_VERSION = 1;
				GENERATE_INFOPLIST_FILE = YES;
				MARKETING_VERSION = 1.0;
				PRODUCT_BUNDLE_IDENTIFIER = com.iqbal.app.MessageAppTests;
				PRODUCT_NAME = "$(TARGET_NAME)";
				SWIFT_EMIT_LOC_STRINGS = NO;
				SWIFT_VERSION = 5.0;
				TARGETED_DEVICE_FAMILY = "1,2";
				TEST_HOST = "$(BUILT_PRODUCTS_DIR)/MessageApp.app/$(BUNDLE_EXECUTABLE_FOLDER_PATH)/MessageApp";
			};
			name = Release;
		};
/* End XCBuildConfiguration section */

/* Begin XCConfigurationList section */
		6EB0B7D02B22118C00B598A7 /* Build configuration list for PBXProject "MessageApp" */ = {
			isa = XCConfigurationList;
			buildConfigurations = (
				6EB0B7E72B22118E00B598A7 /* Debug */,
				6EB0B7E82B22118E00B598A7 /* Release */,
			);
			defaultConfigurationIsVisible = 0;
			defaultConfigurationName = Release;
		};
		6EB0B7E92B22118E00B598A7 /* Build configuration list for PBXNativeTarget "MessageApp" */ = {
			isa = XCConfigurationList;
			buildConfigurations = (
				6EB0B7EA2B22118E00B598A7 /* Debug */,
				6EB0B7EB2B22118E00B598A7 /* Release */,
			);
			defaultConfigurationIsVisible = 0;
			defaultConfigurationName = Release;
		};
		6EC920B22B2D7B9300A7E2C7 /* Build configuration list for PBXNativeTarget "MessageAppTests" */ = {
			isa = XCConfigurationList;
			buildConfigurations = (
				6EC920B32B2D7B9300A7E2C7 /* Debug */,
				6EC920B42B2D7B9300A7E2C7 /* Release */,
			);
			defaultConfigurationIsVisible = 0;
			defaultConfigurationName = Release;
		};
/* End XCConfigurationList section */

/* Begin XCVersionGroup section */
		6EC920BB2B2DABBA00A7E2C7 /* MovieContainer.xcdatamodeld */ = {
			isa = XCVersionGroup;
			children = (
				6EC920BC2B2DABBA00A7E2C7 /* MovieContainer.xcdatamodel */,
			);
			currentVersion = 6EC920BC2B2DABBA00A7E2C7 /* MovieContainer.xcdatamodel */;
			path = MovieContainer.xcdatamodeld;
			sourceTree = "<group>";
			versionGroupType = wrapper.xcdatamodel;
		};
/* End XCVersionGroup section */
	};
	rootObject = 6EB0B7CD2B22118C00B598A7 /* Project object */;
}
